
Microsoft Visual Studio Solution File, Format Version 12.00
# Visual Studio Version 16
VisualStudioVersion = 16.0.30907.101
MinimumVisualStudioVersion = 10.0.40219.1
Project("{FAE04EC0-301F-11D3-BF4B-00C04F79EFBC}") = "EgyptExcavationProject", "EgyptExcavationProject.csproj", "{886E048E-6464-4B62-8F57-B7029BC1E27E}"
EndProject
Global
	GlobalSection(SolutionConfigurationPlatforms) = preSolution
		Debug|Any CPU = Debug|Any CPU
		Release|Any CPU = Release|Any CPU
	EndGlobalSection
	GlobalSection(ProjectConfigurationPlatforms) = postSolution
		{886E048E-6464-4B62-8F57-B7029BC1E27E}.Debug|Any CPU.ActiveCfg = Debug|Any CPU
		{886E048E-6464-4B62-8F57-B7029BC1E27E}.Debug|Any CPU.Build.0 = Debug|Any CPU
		{886E048E-6464-4B62-8F57-B7029BC1E27E}.Release|Any CPU.ActiveCfg = Release|Any CPU
		{886E048E-6464-4B62-8F57-B7029BC1E27E}.Release|Any CPU.Build.0 = Release|Any CPU
	EndGlobalSection
	GlobalSection(SolutionProperties) = preSolution
		HideSolutionNode = FALSE
	EndGlobalSection
	GlobalSection(ExtensibilityGlobals) = postSolution
		SolutionGuid = {3D9445B5-F90E-4790-ABEA-5BEEEC7E1C27}
	EndGlobalSection
EndGlobal
